Microsoft Visual Studio Solution File, Format Version 12.00
# Visual Studio Version 16
VisualStudioVersion = 16.0.32106.194
MinimumVisualStudioVersion = 10.0.40219.1
Project("{FAE04EC0-301F-11D3-BF4B-00C04F79EFBC}") = "SitecoreModernWorkbox", "SitecoreModernWorkbox.csproj", "{C7B65830-5F62-453A-A45D-5788387ABFCD}"
EndProject
Global
	GlobalSection(SolutionConfigurationPlatforms) = preSolution
		Debug|Any CPU = Debug|Any CPU
		Release|Any CPU = Release|Any CPU
	EndGlobalSection
	GlobalSection(ProjectConfigurationPlatforms) = postSolution
		{C7B65830-5F62-453A-A45D-5788387ABFCD}.Debug|Any CPU.ActiveCfg = Debug|Any CPU
		{C7B65830-5F62-453A-A45D-5788387ABFCD}.Debug|Any CPU.Build.0 = Debug|Any CPU
		{C7B65830-5F62-453A-A45D-5788387ABFCD}.Release|Any CPU.ActiveCfg = Release|Any CPU
		{C7B65830-5F62-453A-A45D-5788387ABFCD}.Release|Any CPU.Build.0 = Release|Any CPU
	EndGlobalSection
	GlobalSection(SolutionProperties) = preSolution
		HideSolutionNode = FALSE
	EndGlobalSection
	GlobalSection(ExtensibilityGlobals) = postSolution
		SolutionGuid = {C2B3F956-8118-48A7-8C20-15F1AB1AE2E4}
	EndGlobalSection
EndGlobal
